
Microsoft Visual Studio Solution File, Format Version 12.00
# Visual Studio Version 17
VisualStudioVersion = 17.0.31903.59
MinimumVisualStudioVersion = 10.0.40219.1
Project("{2150E333-8FDC-42A3-9474-1A3956D46DE8}") = "src", "src", "{E9366C6C-25DC-4423-A10B-A485FAE83A8A}"
EndProject
Project("{FAE04EC0-301F-11D3-BF4B-00C04F79EFBC}") = "AuctionService", "src\AuctionService\AuctionService.csproj", "{1A9D5D7C-169B-4C66-94D4-252F17726D61}"
EndProject
Project("{FAE04EC0-301F-11D3-BF4B-00C04F79EFBC}") = "SearchService", "src\SearchService\SearchService.csproj", "{06E37C07-D616-49D5-A2CF-D0A9B02FFD6E}"
EndProject
Project("{FAE04EC0-301F-11D3-BF4B-00C04F79EFBC}") = "Contracts", "src\Contracts\Contracts.csproj", "{5E0FE834-4260-4CB7-9ADB-D58A254EDAE6}"
EndProject
Project("{FAE04EC0-301F-11D3-BF4B-00C04F79EFBC}") = "IdentityService", "src\IdentityService\IdentityService.csproj", "{A13FFCD3-3AE1-4B61-AAD1-4B08DDEDF48E}"
EndProject
Project("{FAE04EC0-301F-11D3-BF4B-00C04F79EFBC}") = "GatewayService", "src\GatewayService\GatewayService.csproj", "{5D5535C6-985F-43F5-9319-A22E9BD9B8C5}"
EndProject
Global
	GlobalSection(SolutionConfigurationPlatforms) = preSolution
		Debug|Any CPU = Debug|Any CPU
		Release|Any CPU = Release|Any CPU
	EndGlobalSection
	GlobalSection(SolutionProperties) = preSolution
		HideSolutionNode = FALSE
	EndGlobalSection
	GlobalSection(ProjectConfigurationPlatforms) = postSolution
		{1A9D5D7C-169B-4C66-94D4-252F17726D61}.Debug|Any CPU.ActiveCfg = Debug|Any CPU
		{1A9D5D7C-169B-4C66-94D4-252F17726D61}.Debug|Any CPU.Build.0 = Debug|Any CPU
		{1A9D5D7C-169B-4C66-94D4-252F17726D61}.Release|Any CPU.ActiveCfg = Release|Any CPU
		{1A9D5D7C-169B-4C66-94D4-252F17726D61}.Release|Any CPU.Build.0 = Release|Any CPU
		{06E37C07-D616-49D5-A2CF-D0A9B02FFD6E}.Debug|Any CPU.ActiveCfg = Debug|Any CPU
		{06E37C07-D616-49D5-A2CF-D0A9B02FFD6E}.Debug|Any CPU.Build.0 = Debug|Any CPU
		{06E37C07-D616-49D5-A2CF-D0A9B02FFD6E}.Release|Any CPU.ActiveCfg = Release|Any CPU
		{06E37C07-D616-49D5-A2CF-D0A9B02FFD6E}.Release|Any CPU.Build.0 = Release|Any CPU
		{5E0FE834-4260-4CB7-9ADB-D58A254EDAE6}.Debug|Any CPU.ActiveCfg = Debug|Any CPU
		{5E0FE834-4260-4CB7-9ADB-D58A254EDAE6}.Debug|Any CPU.Build.0 = Debug|Any CPU
		{5E0FE834-4260-4CB7-9ADB-D58A254EDAE6}.Release|Any CPU.ActiveCfg = Release|Any CPU
		{5E0FE834-4260-4CB7-9ADB-D58A254EDAE6}.Release|Any CPU.Build.0 = Release|Any CPU
		{A13FFCD3-3AE1-4B61-AAD1-4B08DDEDF48E}.Debug|Any CPU.ActiveCfg = Debug|Any CPU
		{A13FFCD3-3AE1-4B61-AAD1-4B08DDEDF48E}.Debug|Any CPU.Build.0 = Debug|Any CPU
		{A13FFCD3-3AE1-4B61-AAD1-4B08DDEDF48E}.Release|Any CPU.ActiveCfg = Release|Any CPU
		{A13FFCD3-3AE1-4B61-AAD1-4B08DDEDF48E}.Release|Any CPU.Build.0 = Release|Any CPU
		{5D5535C6-985F-43F5-9319-A22E9BD9B8C5}.Debug|Any CPU.ActiveCfg = Debug|Any CPU
		{5D5535C6-985F-43F5-9319-A22E9BD9B8C5}.Debug|Any CPU.Build.0 = Debug|Any CPU
		{5D5535C6-985F-43F5-9319-A22E9BD9B8C5}.Release|Any CPU.ActiveCfg = Release|Any CPU
		{5D5535C6-985F-43F5-9319-A22E9BD9B8C5}.Release|Any CPU.Build.0 = Release|Any CPU
	EndGlobalSection
	GlobalSection(NestedProjects) = preSolution
		{1A9D5D7C-169B-4C66-94D4-252F17726D61} = {E9366C6C-25DC-4423-A10B-A485FAE83A8A}
		{06E37C07-D616-49D5-A2CF-D0A9B02FFD6E} = {E9366C6C-25DC-4423-A10B-A485FAE83A8A}
		{5E0FE834-4260-4CB7-9ADB-D58A254EDAE6} = {E9366C6C-25DC-4423-A10B-A485FAE83A8A}
		{A13FFCD3-3AE1-4B61-AAD1-4B08DDEDF48E} = {E9366C6C-25DC-4423-A10B-A485FAE83A8A}
		{5D5535C6-985F-43F5-9319-A22E9BD9B8C5} = {E9366C6C-25DC-4423-A10B-A485FAE83A8A}
	EndGlobalSection
EndGlobal
